
Microsoft Visual Studio Solution File, Format Version 12.00
# Visual Studio Version 17
VisualStudioVersion = 17.8.34309.116
MinimumVisualStudioVersion = 10.0.40219.1
Project("{FAE04EC0-301F-11D3-BF4B-00C04F79EFBC}") = "ExampleWpfApp.Domain", "ExampleWpfApp.Domain\ExampleWpfApp.Domain.csproj", "{DBF69F2E-9F96-493F-A9CA-73F8288DE35F}"
EndProject
Project("{FAE04EC0-301F-11D3-BF4B-00C04F79EFBC}") = "ExampleWpfApp.ReactiveUI", "ExampleWpfApp.ReactiveUI\ExampleWpfApp.ReactiveUI.csproj", "{9462AB65-A601-4F6A-BC4B-026E15273C3B}"
EndProject
Project("{FAE04EC0-301F-11D3-BF4B-00C04F79EFBC}") = "ExampleWpfApp.DataAccess", "ExampleWpfApp.DataAccess\ExampleWpfApp.DataAccess.csproj", "{F2660497-6BE5-4CB2-93E2-555D804A703C}"
EndProject
Project("{FAE04EC0-301F-11D3-BF4B-00C04F79EFBC}") = "ExampleWpfApp.Services", "ExampleWpfApp.Services\ExampleWpfApp.Services.csproj", "{BA657318-E2E7-4683-9729-4CE0BC16A5F7}"
EndProject
Project("{FAE04EC0-301F-11D3-BF4B-00C04F79EFBC}") = "ExampleWpfApp.Wpf", "ExampleWpfApp.Wpf\ExampleWpfApp.Wpf.csproj", "{51A496ED-91AE-4378-AF43-07C2767983B0}"
EndProject
Global
	GlobalSection(SolutionConfigurationPlatforms) = preSolution
		Debug|Any CPU = Debug|Any CPU
		Release|Any CPU = Release|Any CPU
	EndGlobalSection
	GlobalSection(ProjectConfigurationPlatforms) = postSolution
		{DBF69F2E-9F96-493F-A9CA-73F8288DE35F}.Debug|Any CPU.ActiveCfg = Debug|Any CPU
		{DBF69F2E-9F96-493F-A9CA-73F8288DE35F}.Debug|Any CPU.Build.0 = Debug|Any CPU
		{DBF69F2E-9F96-493F-A9CA-73F8288DE35F}.Release|Any CPU.ActiveCfg = Release|Any CPU
		{DBF69F2E-9F96-493F-A9CA-73F8288DE35F}.Release|Any CPU.Build.0 = Release|Any CPU
		{9462AB65-A601-4F6A-BC4B-026E15273C3B}.Debug|Any CPU.ActiveCfg = Debug|Any CPU
		{9462AB65-A601-4F6A-BC4B-026E15273C3B}.Debug|Any CPU.Build.0 = Debug|Any CPU
		{9462AB65-A601-4F6A-BC4B-026E15273C3B}.Release|Any CPU.ActiveCfg = Release|Any CPU
		{9462AB65-A601-4F6A-BC4B-026E15273C3B}.Release|Any CPU.Build.0 = Release|Any CPU
		{F2660497-6BE5-4CB2-93E2-555D804A703C}.Debug|Any CPU.ActiveCfg = Debug|Any CPU
		{F2660497-6BE5-4CB2-93E2-555D804A703C}.Debug|Any CPU.Build.0 = Debug|Any CPU
		{F2660497-6BE5-4CB2-93E2-555D804A703C}.Release|Any CPU.ActiveCfg = Release|Any CPU
		{F2660497-6BE5-4CB2-93E2-555D804A703C}.Release|Any CPU.Build.0 = Release|Any CPU
		{BA657318-E2E7-4683-9729-4CE0BC16A5F7}.Debug|Any CPU.ActiveCfg = Debug|Any CPU
		{BA657318-E2E7-4683-9729-4CE0BC16A5F7}.Debug|Any CPU.Build.0 = Debug|Any CPU
		{BA657318-E2E7-4683-9729-4CE0BC16A5F7}.Release|Any CPU.ActiveCfg = Release|Any CPU
		{BA657318-E2E7-4683-9729-4CE0BC16A5F7}.Release|Any CPU.Build.0 = Release|Any CPU
		{51A496ED-91AE-4378-AF43-07C2767983B0}.Debug|Any CPU.ActiveCfg = Debug|Any CPU
		{51A496ED-91AE-4378-AF43-07C2767983B0}.Debug|Any CPU.Build.0 = Debug|Any CPU
		{51A496ED-91AE-4378-AF43-07C2767983B0}.Release|Any CPU.ActiveCfg = Release|Any CPU
		{51A496ED-91AE-4378-AF43-07C2767983B0}.Release|Any CPU.Build.0 = Release|Any CPU
	EndGlobalSection
	GlobalSection(SolutionProperties) = preSolution
		HideSolutionNode = FALSE
	EndGlobalSection
	GlobalSection(ExtensibilityGlobals) = postSolution
		SolutionGuid = {B57EAE4F-C005-40B6-9C02-93C629A3BBA8}
	EndGlobalSection
EndGlobal
